
Microsoft Visual Studio Solution File, Format Version 12.00
# Visual Studio Version 17
VisualStudioVersion = 17.4.33110.190
MinimumVisualStudioVersion = 10.0.40219.1
Project("{9A19103F-16F7-4668-BE54-9A1E7A4F7556}") = "centre-booking", "centre-booking\centre-booking.csproj", "{319B6357-C558-4053-B4F4-1E2C89829EF7}"
EndProject
Project("{FAE04EC0-301F-11D3-BF4B-00C04F79EFBC}") = "CentreDatabaseLayer", "CentreDatabaseLayer\CentreDatabaseLayer.csproj", "{75B82F03-709E-410F-9E46-D78C192AC56E}"
EndProject
Project("{FAE04EC0-301F-11D3-BF4B-00C04F79EFBC}") = "CentreBookingApplicationLayer", "CentreBookingApplicationLayer\CentreBookingApplicationLayer.csproj", "{E01E9260-D2D0-4B4E-BB44-494F67F22692}"
EndProject
Project("{FAE04EC0-301F-11D3-BF4B-00C04F79EFBC}") = "APIClasses", "APIClasses\APIClasses.csproj", "{41411090-56AC-4C72-8659-C3F3CF04667A}"
EndProject
Global
	GlobalSection(SolutionConfigurationPlatforms) = preSolution
		Debug|Any CPU = Debug|Any CPU
		Release|Any CPU = Release|Any CPU
	EndGlobalSection
	GlobalSection(ProjectConfigurationPlatforms) = postSolution
		{319B6357-C558-4053-B4F4-1E2C89829EF7}.Debug|Any CPU.ActiveCfg = Debug|Any CPU
		{319B6357-C558-4053-B4F4-1E2C89829EF7}.Debug|Any CPU.Build.0 = Debug|Any CPU
		{319B6357-C558-4053-B4F4-1E2C89829EF7}.Release|Any CPU.ActiveCfg = Release|Any CPU
		{319B6357-C558-4053-B4F4-1E2C89829EF7}.Release|Any CPU.Build.0 = Release|Any CPU
		{75B82F03-709E-410F-9E46-D78C192AC56E}.Debug|Any CPU.ActiveCfg = Debug|Any CPU
		{75B82F03-709E-410F-9E46-D78C192AC56E}.Debug|Any CPU.Build.0 = Debug|Any CPU
		{75B82F03-709E-410F-9E46-D78C192AC56E}.Release|Any CPU.ActiveCfg = Release|Any CPU
		{75B82F03-709E-410F-9E46-D78C192AC56E}.Release|Any CPU.Build.0 = Release|Any CPU
		{E01E9260-D2D0-4B4E-BB44-494F67F22692}.Debug|Any CPU.ActiveCfg = Debug|Any CPU
		{E01E9260-D2D0-4B4E-BB44-494F67F22692}.Debug|Any CPU.Build.0 = Debug|Any CPU
		{E01E9260-D2D0-4B4E-BB44-494F67F22692}.Release|Any CPU.ActiveCfg = Release|Any CPU
		{E01E9260-D2D0-4B4E-BB44-494F67F22692}.Release|Any CPU.Build.0 = Release|Any CPU
		{41411090-56AC-4C72-8659-C3F3CF04667A}.Debug|Any CPU.ActiveCfg = Debug|Any CPU
		{41411090-56AC-4C72-8659-C3F3CF04667A}.Debug|Any CPU.Build.0 = Debug|Any CPU
		{41411090-56AC-4C72-8659-C3F3CF04667A}.Release|Any CPU.ActiveCfg = Release|Any CPU
		{41411090-56AC-4C72-8659-C3F3CF04667A}.Release|Any CPU.Build.0 = Release|Any CPU
	EndGlobalSection
	GlobalSection(SolutionProperties) = preSolution
		HideSolutionNode = FALSE
	EndGlobalSection
	GlobalSection(ExtensibilityGlobals) = postSolution
		SolutionGuid = {96D42EAC-EA82-4729-8C55-67DC744B5432}
	EndGlobalSection
EndGlobal
